
Microsoft Visual Studio Solution File, Format Version 12.00
# Visual Studio 2017
Project("{FAE04EC0-301F-11D3-BF4B-00C04F79EFBC}") = "subway skater", "subway skater.csproj", "{F69881A4-5B2C-F6D1-95A3-95AFB4D12D49}"
EndProject
Project("{FAE04EC0-301F-11D3-BF4B-00C04F79EFBC}") = "subway skater.Editor", "subway skater.Editor.csproj", "{DE2052C1-8B1A-2FCB-E6B0-6F60FFDE14F1}"
EndProject
Global
	GlobalSection(SolutionConfigurationPlatforms) = preSolution
		Debug|Any CPU = Debug|Any CPU
		Release|Any CPU = Release|Any CPU
	EndGlobalSection
	GlobalSection(ProjectConfigurationPlatforms) = postSolution
		{F69881A4-5B2C-F6D1-95A3-95AFB4D12D49}.Debug|Any CPU.ActiveCfg = Debug|Any CPU
		{F69881A4-5B2C-F6D1-95A3-95AFB4D12D49}.Debug|Any CPU.Build.0 = Debug|Any CPU
		{F69881A4-5B2C-F6D1-95A3-95AFB4D12D49}.Release|Any CPU.ActiveCfg = Release|Any CPU
		{F69881A4-5B2C-F6D1-95A3-95AFB4D12D49}.Release|Any CPU.Build.0 = Release|Any CPU
		{DE2052C1-8B1A-2FCB-E6B0-6F60FFDE14F1}.Debug|Any CPU.ActiveCfg = Debug|Any CPU
		{DE2052C1-8B1A-2FCB-E6B0-6F60FFDE14F1}.Debug|Any CPU.Build.0 = Debug|Any CPU
		{DE2052C1-8B1A-2FCB-E6B0-6F60FFDE14F1}.Release|Any CPU.ActiveCfg = Release|Any CPU
		{DE2052C1-8B1A-2FCB-E6B0-6F60FFDE14F1}.Release|Any CPU.Build.0 = Release|Any CPU
	EndGlobalSection
	GlobalSection(SolutionProperties) = preSolution
		HideSolutionNode = FALSE
	EndGlobalSection
EndGlobal
