
Microsoft Visual Studio Solution File, Format Version 12.00
# Visual Studio for Mac
Project("{FAE04EC0-301F-11D3-BF4B-00C04F79EFBC}") = "Assembly-CSharp", "Assembly-CSharp.csproj", "{7312A03A-DBD6-D509-F884-18E58E1EF9DA}"
EndProject
Project("{FAE04EC0-301F-11D3-BF4B-00C04F79EFBC}") = "Unity.Recorder", "Unity.Recorder.csproj", "{84AFC467-AC06-7E9B-3466-6BEE879442D4}"
EndProject
Project("{FAE04EC0-301F-11D3-BF4B-00C04F79EFBC}") = "Unity.Recorder.Samples", "Unity.Recorder.Samples.csproj", "{5605BABD-7B2E-AC4A-644E-702FCE7BA4C4}"
EndProject
Project("{FAE04EC0-301F-11D3-BF4B-00C04F79EFBC}") = "Unity.Recorder.Editor", "Unity.Recorder.Editor.csproj", "{AE5F9844-A882-017E-7891-3758222CB4DF}"
EndProject
Project("{FAE04EC0-301F-11D3-BF4B-00C04F79EFBC}") = "Assembly-CSharp-Editor", "Assembly-CSharp-Editor.csproj", "{4F2957E4-E2A7-64CC-4D10-4D9BE461EA2C}"
EndProject
Global
	GlobalSection(SolutionConfigurationPlatforms) = preSolution
		Debug|Any CPU = Debug|Any CPU
		Release|Any CPU = Release|Any CPU
	EndGlobalSection
	GlobalSection(ProjectConfigurationPlatforms) = postSolution
		{7312A03A-DBD6-D509-F884-18E58E1EF9DA}.Debug|Any CPU.ActiveCfg = Debug|Any CPU
		{7312A03A-DBD6-D509-F884-18E58E1EF9DA}.Debug|Any CPU.Build.0 = Debug|Any CPU
		{7312A03A-DBD6-D509-F884-18E58E1EF9DA}.Release|Any CPU.ActiveCfg = Release|Any CPU
		{7312A03A-DBD6-D509-F884-18E58E1EF9DA}.Release|Any CPU.Build.0 = Release|Any CPU
		{84AFC467-AC06-7E9B-3466-6BEE879442D4}.Debug|Any CPU.ActiveCfg = Debug|Any CPU
		{84AFC467-AC06-7E9B-3466-6BEE879442D4}.Debug|Any CPU.Build.0 = Debug|Any CPU
		{84AFC467-AC06-7E9B-3466-6BEE879442D4}.Release|Any CPU.ActiveCfg = Release|Any CPU
		{84AFC467-AC06-7E9B-3466-6BEE879442D4}.Release|Any CPU.Build.0 = Release|Any CPU
		{5605BABD-7B2E-AC4A-644E-702FCE7BA4C4}.Debug|Any CPU.ActiveCfg = Debug|Any CPU
		{5605BABD-7B2E-AC4A-644E-702FCE7BA4C4}.Debug|Any CPU.Build.0 = Debug|Any CPU
		{5605BABD-7B2E-AC4A-644E-702FCE7BA4C4}.Release|Any CPU.ActiveCfg = Release|Any CPU
		{5605BABD-7B2E-AC4A-644E-702FCE7BA4C4}.Release|Any CPU.Build.0 = Release|Any CPU
		{AE5F9844-A882-017E-7891-3758222CB4DF}.Debug|Any CPU.ActiveCfg = Debug|Any CPU
		{AE5F9844-A882-017E-7891-3758222CB4DF}.Debug|Any CPU.Build.0 = Debug|Any CPU
		{AE5F9844-A882-017E-7891-3758222CB4DF}.Release|Any CPU.ActiveCfg = Release|Any CPU
		{AE5F9844-A882-017E-7891-3758222CB4DF}.Release|Any CPU.Build.0 = Release|Any CPU
		{4F2957E4-E2A7-64CC-4D10-4D9BE461EA2C}.Debug|Any CPU.ActiveCfg = Debug|Any CPU
		{4F2957E4-E2A7-64CC-4D10-4D9BE461EA2C}.Debug|Any CPU.Build.0 = Debug|Any CPU
		{4F2957E4-E2A7-64CC-4D10-4D9BE461EA2C}.Release|Any CPU.ActiveCfg = Release|Any CPU
		{4F2957E4-E2A7-64CC-4D10-4D9BE461EA2C}.Release|Any CPU.Build.0 = Release|Any CPU
	EndGlobalSection
	GlobalSection(SolutionProperties) = preSolution
		HideSolutionNode = FALSE
	EndGlobalSection
EndGlobal
